
Microsoft Visual Studio Solution File, Format Version 12.00
# Visual Studio Version 16
VisualStudioVersion = 16.0.29519.181
MinimumVisualStudioVersion = 10.0.40219.1
Project("{8BC9CEB8-8B4A-11D0-8D11-00A0C91BC942}") = "skse64_common", "skse64_common\skse64_common.vcxproj", "{5FD1C08D-DB80-480C-A1C6-F0920005CD13}"
EndProject
Project("{8BC9CEB8-8B4A-11D0-8D11-00A0C91BC942}") = "common_vc14", "..\common\common_vc14.vcxproj", "{472E19AB-DEF0-42DF-819B-18722E8DC822}"
EndProject
Project("{8BC9CEB8-8B4A-11D0-8D11-00A0C91BC942}") = "skse64", "skse64\skse64.vcxproj", "{639411C0-FC23-4819-A0C5-429A4E5D8A51}"
EndProject
Project("{8BC9CEB8-8B4A-11D0-8D11-00A0C91BC942}") = "hdtSMP64", "hdtSMP64\hdtSMP64.vcxproj", "{B9F47E7B-068A-419A-9AA8-F72CCE662C2B}"
EndProject
Project("{8BC9CEB8-8B4A-11D0-8D11-00A0C91BC942}") = "hdtSSEUtils", "hdtSSEUtils\hdtSSEUtils.vcxproj", "{EBB1A6FA-5E3C-49B5-A5B6-A6495B9CD5B0}"
EndProject
Global
	GlobalSection(SolutionConfigurationPlatforms) = preSolution
		Debug|x64 = Debug|x64
		Debug|x86 = Debug|x86
		MinSizeRel|x64 = MinSizeRel|x64
		MinSizeRel|x86 = MinSizeRel|x86
		Release_AVX|x64 = Release_AVX|x64
		Release_AVX|x86 = Release_AVX|x86
		Release_AVX2_VR|x64 = Release_AVX2_VR|x64
		Release_AVX2_VR|x86 = Release_AVX2_VR|x86
		Release_AVX2|x64 = Release_AVX2|x64
		Release_AVX2|x86 = Release_AVX2|x86
		Release_AVX512|x64 = Release_AVX512|x64
		Release_AVX512|x86 = Release_AVX512|x86
		Release_noAVX|x64 = Release_noAVX|x64
		Release_noAVX|x86 = Release_noAVX|x86
		Release|x64 = Release|x64
		Release|x86 = Release|x86
		RelWithDebInfo|x64 = RelWithDebInfo|x64
		RelWithDebInfo|x86 = RelWithDebInfo|x86
	EndGlobalSection
	GlobalSection(ProjectConfigurationPlatforms) = postSolution
		{5FD1C08D-DB80-480C-A1C6-F0920005CD13}.Debug|x64.ActiveCfg = Debug|x64
		{5FD1C08D-DB80-480C-A1C6-F0920005CD13}.Debug|x64.Build.0 = Debug|x64
		{5FD1C08D-DB80-480C-A1C6-F0920005CD13}.Debug|x86.ActiveCfg = Debug|x64
		{5FD1C08D-DB80-480C-A1C6-F0920005CD13}.MinSizeRel|x64.ActiveCfg = Debug_VC142|x64
		{5FD1C08D-DB80-480C-A1C6-F0920005CD13}.MinSizeRel|x64.Build.0 = Debug_VC142|x64
		{5FD1C08D-DB80-480C-A1C6-F0920005CD13}.MinSizeRel|x86.ActiveCfg = Debug_VC142|x64
		{5FD1C08D-DB80-480C-A1C6-F0920005CD13}.MinSizeRel|x86.Build.0 = Debug_VC142|x64
		{5FD1C08D-DB80-480C-A1C6-F0920005CD13}.Release_AVX|x64.ActiveCfg = Release|x64
		{5FD1C08D-DB80-480C-A1C6-F0920005CD13}.Release_AVX|x64.Build.0 = Release|x64
		{5FD1C08D-DB80-480C-A1C6-F0920005CD13}.Release_AVX|x86.ActiveCfg = Release_AVX|x64
		{5FD1C08D-DB80-480C-A1C6-F0920005CD13}.Release_AVX2_VR|x64.ActiveCfg = Release|x64
		{5FD1C08D-DB80-480C-A1C6-F0920005CD13}.Release_AVX2_VR|x64.Build.0 = Release|x64
		{5FD1C08D-DB80-480C-A1C6-F0920005CD13}.Release_AVX2_VR|x86.ActiveCfg = Release_AVX2_VR|Win32
		{5FD1C08D-DB80-480C-A1C6-F0920005CD13}.Release_AVX2_VR|x86.Build.0 = Release_AVX2_VR|Win32
		{5FD1C08D-DB80-480C-A1C6-F0920005CD13}.Release_AVX2|x64.ActiveCfg = Release|x64
		{5FD1C08D-DB80-480C-A1C6-F0920005CD13}.Release_AVX2|x64.Build.0 = Release|x64
		{5FD1C08D-DB80-480C-A1C6-F0920005CD13}.Release_AVX2|x86.ActiveCfg = Release_AVX2|x64
		{5FD1C08D-DB80-480C-A1C6-F0920005CD13}.Release_AVX512|x64.ActiveCfg = Release|x64
		{5FD1C08D-DB80-480C-A1C6-F0920005CD13}.Release_AVX512|x64.Build.0 = Release|x64
		{5FD1C08D-DB80-480C-A1C6-F0920005CD13}.Release_AVX512|x86.ActiveCfg = Release_AVX512|x64
		{5FD1C08D-DB80-480C-A1C6-F0920005CD13}.Release_noAVX|x64.ActiveCfg = Release|x64
		{5FD1C08D-DB80-480C-A1C6-F0920005CD13}.Release_noAVX|x64.Build.0 = Release|x64
		{5FD1C08D-DB80-480C-A1C6-F0920005CD13}.Release_noAVX|x86.ActiveCfg = Release|x64
		{5FD1C08D-DB80-480C-A1C6-F0920005CD13}.Release|x64.ActiveCfg = Release|x64
		{5FD1C08D-DB80-480C-A1C6-F0920005CD13}.Release|x64.Build.0 = Release|x64
		{5FD1C08D-DB80-480C-A1C6-F0920005CD13}.Release|x86.ActiveCfg = Release|x64
		{5FD1C08D-DB80-480C-A1C6-F0920005CD13}.RelWithDebInfo|x64.ActiveCfg = Release_VC142|x64
		{5FD1C08D-DB80-480C-A1C6-F0920005CD13}.RelWithDebInfo|x64.Build.0 = Release_VC142|x64
		{5FD1C08D-DB80-480C-A1C6-F0920005CD13}.RelWithDebInfo|x86.ActiveCfg = Debug_VC142|x64
		{5FD1C08D-DB80-480C-A1C6-F0920005CD13}.RelWithDebInfo|x86.Build.0 = Debug_VC142|x64
		{472E19AB-DEF0-42DF-819B-18722E8DC822}.Debug|x64.ActiveCfg = Debug|x64
		{472E19AB-DEF0-42DF-819B-18722E8DC822}.Debug|x64.Build.0 = Debug|x64
		{472E19AB-DEF0-42DF-819B-18722E8DC822}.Debug|x86.ActiveCfg = Debug|x64
		{472E19AB-DEF0-42DF-819B-18722E8DC822}.MinSizeRel|x64.ActiveCfg = Debug_VC142|x64
		{472E19AB-DEF0-42DF-819B-18722E8DC822}.MinSizeRel|x64.Build.0 = Debug_VC142|x64
		{472E19AB-DEF0-42DF-819B-18722E8DC822}.MinSizeRel|x86.ActiveCfg = Debug_VC142|x64
		{472E19AB-DEF0-42DF-819B-18722E8DC822}.MinSizeRel|x86.Build.0 = Debug_VC142|x64
		{472E19AB-DEF0-42DF-819B-18722E8DC822}.Release_AVX|x64.ActiveCfg = Release|x64
		{472E19AB-DEF0-42DF-819B-18722E8DC822}.Release_AVX|x64.Build.0 = Release|x64
		{472E19AB-DEF0-42DF-819B-18722E8DC822}.Release_AVX|x86.ActiveCfg = Release_AVX|x64
		{472E19AB-DEF0-42DF-819B-18722E8DC822}.Release_AVX2_VR|x64.ActiveCfg = Release|x64
		{472E19AB-DEF0-42DF-819B-18722E8DC822}.Release_AVX2_VR|x64.Build.0 = Release|x64
		{472E19AB-DEF0-42DF-819B-18722E8DC822}.Release_AVX2_VR|x86.ActiveCfg = Release_AVX2_VR|Win32
		{472E19AB-DEF0-42DF-819B-18722E8DC822}.Release_AVX2_VR|x86.Build.0 = Release_AVX2_VR|Win32
		{472E19AB-DEF0-42DF-819B-18722E8DC822}.Release_AVX2|x64.ActiveCfg = Release|x64
		{472E19AB-DEF0-42DF-819B-18722E8DC822}.Release_AVX2|x64.Build.0 = Release|x64
		{472E19AB-DEF0-42DF-819B-18722E8DC822}.Release_AVX2|x86.ActiveCfg = Release_AVX2|x64
		{472E19AB-DEF0-42DF-819B-18722E8DC822}.Release_AVX512|x64.ActiveCfg = Release|x64
		{472E19AB-DEF0-42DF-819B-18722E8DC822}.Release_AVX512|x64.Build.0 = Release|x64
		{472E19AB-DEF0-42DF-819B-18722E8DC822}.Release_AVX512|x86.ActiveCfg = Release_AVX512|x64
		{472E19AB-DEF0-42DF-819B-18722E8DC822}.Release_noAVX|x64.ActiveCfg = Release|x64
		{472E19AB-DEF0-42DF-819B-18722E8DC822}.Release_noAVX|x64.Build.0 = Release|x64
		{472E19AB-DEF0-42DF-819B-18722E8DC822}.Release_noAVX|x86.ActiveCfg = Release|x64
		{472E19AB-DEF0-42DF-819B-18722E8DC822}.Release|x64.ActiveCfg = Release|x64
		{472E19AB-DEF0-42DF-819B-18722E8DC822}.Release|x64.Build.0 = Release|x64
		{472E19AB-DEF0-42DF-819B-18722E8DC822}.Release|x86.ActiveCfg = Release|x64
		{472E19AB-DEF0-42DF-819B-18722E8DC822}.RelWithDebInfo|x64.ActiveCfg = Release_VC142|x64
		{472E19AB-DEF0-42DF-819B-18722E8DC822}.RelWithDebInfo|x64.Build.0 = Release_VC142|x64
		{472E19AB-DEF0-42DF-819B-18722E8DC822}.RelWithDebInfo|x86.ActiveCfg = Debug_VC142|x64
		{472E19AB-DEF0-42DF-819B-18722E8DC822}.RelWithDebInfo|x86.Build.0 = Debug_VC142|x64
		{639411C0-FC23-4819-A0C5-429A4E5D8A51}.Debug|x64.ActiveCfg = Debug|x64
		{639411C0-FC23-4819-A0C5-429A4E5D8A51}.Debug|x64.Build.0 = Debug|x64
		{639411C0-FC23-4819-A0C5-429A4E5D8A51}.Debug|x86.ActiveCfg = Debug|Win32
		{639411C0-FC23-4819-A0C5-429A4E5D8A51}.Debug|x86.Build.0 = Debug|Win32
		{639411C0-FC23-4819-A0C5-429A4E5D8A51}.MinSizeRel|x64.ActiveCfg = Debug_Lib_VC142|x64
		{639411C0-FC23-4819-A0C5-429A4E5D8A51}.MinSizeRel|x64.Build.0 = Debug_Lib_VC142|x64
		{639411C0-FC23-4819-A0C5-429A4E5D8A51}.MinSizeRel|x86.ActiveCfg = Debug|Win32
		{639411C0-FC23-4819-A0C5-429A4E5D8A51}.MinSizeRel|x86.Build.0 = Debug|Win32
		{639411C0-FC23-4819-A0C5-429A4E5D8A51}.Release_AVX|x64.ActiveCfg = Release_Lib|x64
		{639411C0-FC23-4819-A0C5-429A4E5D8A51}.Release_AVX|x64.Build.0 = Release_Lib|x64
		{639411C0-FC23-4819-A0C5-429A4E5D8A51}.Release_AVX|x86.ActiveCfg = Release_Lib|Win32
		{639411C0-FC23-4819-A0C5-429A4E5D8A51}.Release_AVX|x86.Build.0 = Release_Lib|Win32
		{639411C0-FC23-4819-A0C5-429A4E5D8A51}.Release_AVX2_VR|x64.ActiveCfg = Release_Lib|x64
		{639411C0-FC23-4819-A0C5-429A4E5D8A51}.Release_AVX2_VR|x64.Build.0 = Release_Lib|x64
		{639411C0-FC23-4819-A0C5-429A4E5D8A51}.Release_AVX2_VR|x86.ActiveCfg = Release_AVX2_VR|Win32
		{639411C0-FC23-4819-A0C5-429A4E5D8A51}.Release_AVX2_VR|x86.Build.0 = Release_AVX2_VR|Win32
		{639411C0-FC23-4819-A0C5-429A4E5D8A51}.Release_AVX2|x64.ActiveCfg = Release_Lib|x64
		{639411C0-FC23-4819-A0C5-429A4E5D8A51}.Release_AVX2|x64.Build.0 = Release_Lib|x64
		{639411C0-FC23-4819-A0C5-429A4E5D8A51}.Release_AVX2|x86.ActiveCfg = Release_Lib|Win32
		{639411C0-FC23-4819-A0C5-429A4E5D8A51}.Release_AVX2|x86.Build.0 = Release_Lib|Win32
		{639411C0-FC23-4819-A0C5-429A4E5D8A51}.Release_AVX512|x64.ActiveCfg = Release_Lib|x64
		{639411C0-FC23-4819-A0C5-429A4E5D8A51}.Release_AVX512|x64.Build.0 = Release_Lib|x64
		{639411C0-FC23-4819-A0C5-429A4E5D8A51}.Release_AVX512|x86.ActiveCfg = Release_Lib|Win32
		{639411C0-FC23-4819-A0C5-429A4E5D8A51}.Release_AVX512|x86.Build.0 = Release_Lib|Win32
		{639411C0-FC23-4819-A0C5-429A4E5D8A51}.Release_noAVX|x64.ActiveCfg = Release_Lib|x64
		{639411C0-FC23-4819-A0C5-429A4E5D8A51}.Release_noAVX|x64.Build.0 = Release_Lib|x64
		{639411C0-FC23-4819-A0C5-429A4E5D8A51}.Release_noAVX|x86.ActiveCfg = Release_Lib|Win32
		{639411C0-FC23-4819-A0C5-429A4E5D8A51}.Release_noAVX|x86.Build.0 = Release_Lib|Win32
		{639411C0-FC23-4819-A0C5-429A4E5D8A51}.Release|x64.ActiveCfg = Release|x64
		{639411C0-FC23-4819-A0C5-429A4E5D8A51}.Release|x64.Build.0 = Release|x64
		{639411C0-FC23-4819-A0C5-429A4E5D8A51}.Release|x86.ActiveCfg = Release|Win32
		{639411C0-FC23-4819-A0C5-429A4E5D8A51}.Release|x86.Build.0 = Release|Win32
		{639411C0-FC23-4819-A0C5-429A4E5D8A51}.RelWithDebInfo|x64.ActiveCfg = Release_Lib|x64
		{639411C0-FC23-4819-A0C5-429A4E5D8A51}.RelWithDebInfo|x64.Build.0 = Release_Lib|x64
		{639411C0-FC23-4819-A0C5-429A4E5D8A51}.RelWithDebInfo|x86.ActiveCfg = Release_Lib|Win32
		{639411C0-FC23-4819-A0C5-429A4E5D8A51}.RelWithDebInfo|x86.Build.0 = Release_Lib|Win32
		{B9F47E7B-068A-419A-9AA8-F72CCE662C2B}.Debug|x64.ActiveCfg = Debug|x64
		{B9F47E7B-068A-419A-9AA8-F72CCE662C2B}.Debug|x64.Build.0 = Debug|x64
		{B9F47E7B-068A-419A-9AA8-F72CCE662C2B}.Debug|x86.ActiveCfg = Debug|x64
		{B9F47E7B-068A-419A-9AA8-F72CCE662C2B}.MinSizeRel|x64.ActiveCfg = Release|x64
		{B9F47E7B-068A-419A-9AA8-F72CCE662C2B}.MinSizeRel|x64.Build.0 = Release|x64
		{B9F47E7B-068A-419A-9AA8-F72CCE662C2B}.MinSizeRel|x86.ActiveCfg = Release|x64
		{B9F47E7B-068A-419A-9AA8-F72CCE662C2B}.MinSizeRel|x86.Build.0 = Release|x64
		{B9F47E7B-068A-419A-9AA8-F72CCE662C2B}.Release_AVX|x64.ActiveCfg = Release_AVX|x64
		{B9F47E7B-068A-419A-9AA8-F72CCE662C2B}.Release_AVX|x64.Build.0 = Release_AVX|x64
		{B9F47E7B-068A-419A-9AA8-F72CCE662C2B}.Release_AVX|x86.ActiveCfg = Release_AVX|x64
		{B9F47E7B-068A-419A-9AA8-F72CCE662C2B}.Release_AVX2_VR|x64.ActiveCfg = Release_AVX2_VR|x64
		{B9F47E7B-068A-419A-9AA8-F72CCE662C2B}.Release_AVX2_VR|x64.Build.0 = Release_AVX2_VR|x64
		{B9F47E7B-068A-419A-9AA8-F72CCE662C2B}.Release_AVX2_VR|x86.ActiveCfg = Release_AVX2_VR|x64
		{B9F47E7B-068A-419A-9AA8-F72CCE662C2B}.Release_AVX2|x64.ActiveCfg = Release_AVX2|x64
		{B9F47E7B-068A-419A-9AA8-F72CCE662C2B}.Release_AVX2|x64.Build.0 = Release_AVX2|x64
		{B9F47E7B-068A-419A-9AA8-F72CCE662C2B}.Release_AVX2|x86.ActiveCfg = Release_AVX2|x64
		{B9F47E7B-068A-419A-9AA8-F72CCE662C2B}.Release_AVX512|x64.ActiveCfg = Release_AVX512|x64
		{B9F47E7B-068A-419A-9AA8-F72CCE662C2B}.Release_AVX512|x64.Build.0 = Release_AVX512|x64
		{B9F47E7B-068A-419A-9AA8-F72CCE662C2B}.Release_AVX512|x86.ActiveCfg = Release_AVX512|x64
		{B9F47E7B-068A-419A-9AA8-F72CCE662C2B}.Release_noAVX|x64.ActiveCfg = Release_noAVX|x64
		{B9F47E7B-068A-419A-9AA8-F72CCE662C2B}.Release_noAVX|x64.Build.0 = Release_noAVX|x64
		{B9F47E7B-068A-419A-9AA8-F72CCE662C2B}.Release_noAVX|x86.ActiveCfg = Release|x64
		{B9F47E7B-068A-419A-9AA8-F72CCE662C2B}.Release|x64.ActiveCfg = Release_AVX2|x64
		{B9F47E7B-068A-419A-9AA8-F72CCE662C2B}.Release|x64.Build.0 = Release_AVX2|x64
		{B9F47E7B-068A-419A-9AA8-F72CCE662C2B}.Release|x86.ActiveCfg = Release|x64
		{B9F47E7B-068A-419A-9AA8-F72CCE662C2B}.RelWithDebInfo|x64.ActiveCfg = Release_noAVX|x64
		{B9F47E7B-068A-419A-9AA8-F72CCE662C2B}.RelWithDebInfo|x64.Build.0 = Release_noAVX|x64
		{B9F47E7B-068A-419A-9AA8-F72CCE662C2B}.RelWithDebInfo|x86.ActiveCfg = Release|x64
		{B9F47E7B-068A-419A-9AA8-F72CCE662C2B}.RelWithDebInfo|x86.Build.0 = Release|x64
		{EBB1A6FA-5E3C-49B5-A5B6-A6495B9CD5B0}.Debug|x64.ActiveCfg = Debug|x64
		{EBB1A6FA-5E3C-49B5-A5B6-A6495B9CD5B0}.Debug|x64.Build.0 = Debug|x64
		{EBB1A6FA-5E3C-49B5-A5B6-A6495B9CD5B0}.Debug|x86.ActiveCfg = Debug|x64
		{EBB1A6FA-5E3C-49B5-A5B6-A6495B9CD5B0}.MinSizeRel|x64.ActiveCfg = Release|x64
		{EBB1A6FA-5E3C-49B5-A5B6-A6495B9CD5B0}.MinSizeRel|x64.Build.0 = Release|x64
		{EBB1A6FA-5E3C-49B5-A5B6-A6495B9CD5B0}.MinSizeRel|x86.ActiveCfg = Release|x64
		{EBB1A6FA-5E3C-49B5-A5B6-A6495B9CD5B0}.MinSizeRel|x86.Build.0 = Release|x64
		{EBB1A6FA-5E3C-49B5-A5B6-A6495B9CD5B0}.Release_AVX|x64.ActiveCfg = Release_AVX|x64
		{EBB1A6FA-5E3C-49B5-A5B6-A6495B9CD5B0}.Release_AVX|x64.Build.0 = Release_AVX|x64
		{EBB1A6FA-5E3C-49B5-A5B6-A6495B9CD5B0}.Release_AVX|x86.ActiveCfg = Release_AVX|x64
		{EBB1A6FA-5E3C-49B5-A5B6-A6495B9CD5B0}.Release_AVX2_VR|x64.ActiveCfg = Release_AVX2_VR|x64
		{EBB1A6FA-5E3C-49B5-A5B6-A6495B9CD5B0}.Release_AVX2_VR|x64.Build.0 = Release_AVX2_VR|x64
		{EBB1A6FA-5E3C-49B5-A5B6-A6495B9CD5B0}.Release_AVX2_VR|x86.ActiveCfg = Release_noAVX|x64
		{EBB1A6FA-5E3C-49B5-A5B6-A6495B9CD5B0}.Release_AVX2|x64.ActiveCfg = Release_AVX2|x64
		{EBB1A6FA-5E3C-49B5-A5B6-A6495B9CD5B0}.Release_AVX2|x64.Build.0 = Release_AVX2|x64
		{EBB1A6FA-5E3C-49B5-A5B6-A6495B9CD5B0}.Release_AVX2|x86.ActiveCfg = Release_AVX2|x64
		{EBB1A6FA-5E3C-49B5-A5B6-A6495B9CD5B0}.Release_AVX512|x64.ActiveCfg = Release_AVX512|x64
		{EBB1A6FA-5E3C-49B5-A5B6-A6495B9CD5B0}.Release_AVX512|x64.Build.0 = Release_AVX512|x64
		{EBB1A6FA-5E3C-49B5-A5B6-A6495B9CD5B0}.Release_AVX512|x86.ActiveCfg = Release_AVX512|x64
		{EBB1A6FA-5E3C-49B5-A5B6-A6495B9CD5B0}.Release_noAVX|x64.ActiveCfg = Release_noAVX|x64
		{EBB1A6FA-5E3C-49B5-A5B6-A6495B9CD5B0}.Release_noAVX|x64.Build.0 = Release_noAVX|x64
		{EBB1A6FA-5E3C-49B5-A5B6-A6495B9CD5B0}.Release_noAVX|x86.ActiveCfg = Release|x64
		{EBB1A6FA-5E3C-49B5-A5B6-A6495B9CD5B0}.Release|x64.ActiveCfg = Release_AVX2|x64
		{EBB1A6FA-5E3C-49B5-A5B6-A6495B9CD5B0}.Release|x64.Build.0 = Release_AVX2|x64
		{EBB1A6FA-5E3C-49B5-A5B6-A6495B9CD5B0}.Release|x86.ActiveCfg = Release|x64
		{EBB1A6FA-5E3C-49B5-A5B6-A6495B9CD5B0}.RelWithDebInfo|x64.ActiveCfg = Release_noAVX|x64
		{EBB1A6FA-5E3C-49B5-A5B6-A6495B9CD5B0}.RelWithDebInfo|x64.Build.0 = Release_noAVX|x64
		{EBB1A6FA-5E3C-49B5-A5B6-A6495B9CD5B0}.RelWithDebInfo|x86.ActiveCfg = Release|x64
		{EBB1A6FA-5E3C-49B5-A5B6-A6495B9CD5B0}.RelWithDebInfo|x86.Build.0 = Release|x64
	EndGlobalSection
	GlobalSection(SolutionProperties) = preSolution
		HideSolutionNode = FALSE
	EndGlobalSection
	GlobalSection(ExtensibilityGlobals) = postSolution
		SolutionGuid = {02908013-3362-4E79-A470-BFE9BCE2546E}
	EndGlobalSection
EndGlobal
