
Microsoft Visual Studio Solution File, Format Version 12.00
# Visual Studio Version 16
VisualStudioVersion = 16.0.29519.181
MinimumVisualStudioVersion = 10.0.40219.1
Project("{8BC9CEB8-8B4A-11D0-8D11-00A0C91BC942}") = "skse64_common", "skse64_common\skse64_common.vcxproj", "{5FD1C08D-DB80-480C-A1C6-F0920005CD13}"
EndProject
Project("{8BC9CEB8-8B4A-11D0-8D11-00A0C91BC942}") = "common_vc14", "..\common\common_vc14.vcxproj", "{472E19AB-DEF0-42DF-819B-18722E8DC822}"
EndProject
Project("{8BC9CEB8-8B4A-11D0-8D11-00A0C91BC942}") = "skse64", "skse64\skse64.vcxproj", "{639411C0-FC23-4819-A0C5-429A4E5D8A51}"
EndProject
Project("{8BC9CEB8-8B4A-11D0-8D11-00A0C91BC942}") = "hdtSMP64", "hdtSMP64\hdtSMP64.vcxproj", "{B9F47E7B-068A-419A-9AA8-F72CCE662C2B}"
EndProject
Project("{8BC9CEB8-8B4A-11D0-8D11-00A0C91BC942}") = "hdtSSEUtils", "hdtSSEUtils\hdtSSEUtils.vcxproj", "{EBB1A6FA-5E3C-49B5-A5B6-A6495B9CD5B0}"
EndProject
Global
	GlobalSection(SolutionConfigurationPlatforms) = preSolution
		AE_CUDA_AVX|x64 = AE_CUDA_AVX|x64
		AE_CUDA_AVX|x86 = AE_CUDA_AVX|x86
		AE_CUDA_AVX2|x64 = AE_CUDA_AVX2|x64
		AE_CUDA_AVX2|x86 = AE_CUDA_AVX2|x86
		AE_CUDA_AVX512|x64 = AE_CUDA_AVX512|x64
		AE_CUDA_AVX512|x86 = AE_CUDA_AVX512|x86
		AE_CUDA_NoAVX|x64 = AE_CUDA_NoAVX|x64
		AE_CUDA_NoAVX|x86 = AE_CUDA_NoAVX|x86
		AE_NOCUDA_AVX|x64 = AE_NOCUDA_AVX|x64
		AE_NOCUDA_AVX|x86 = AE_NOCUDA_AVX|x86
		AE_NOCUDA_AVX2|x64 = AE_NOCUDA_AVX2|x64
		AE_NOCUDA_AVX2|x86 = AE_NOCUDA_AVX2|x86
		AE_NOCUDA_AVX512|x64 = AE_NOCUDA_AVX512|x64
		AE_NOCUDA_AVX512|x86 = AE_NOCUDA_AVX512|x86
		AE_NOCUDA_NoAVX|x64 = AE_NOCUDA_NoAVX|x64
		AE_NOCUDA_NoAVX|x86 = AE_NOCUDA_NoAVX|x86
		SE_CUDA_AVX|x64 = SE_CUDA_AVX|x64
		SE_CUDA_AVX|x86 = SE_CUDA_AVX|x86
		SE_CUDA_AVX2|x64 = SE_CUDA_AVX2|x64
		SE_CUDA_AVX2|x86 = SE_CUDA_AVX2|x86
		SE_CUDA_AVX512|x64 = SE_CUDA_AVX512|x64
		SE_CUDA_AVX512|x86 = SE_CUDA_AVX512|x86
		SE_CUDA_NoAVX|x64 = SE_CUDA_NoAVX|x64
		SE_CUDA_NoAVX|x86 = SE_CUDA_NoAVX|x86
		SE_NOCUDA_AVX|x64 = SE_NOCUDA_AVX|x64
		SE_NOCUDA_AVX|x86 = SE_NOCUDA_AVX|x86
		SE_NOCUDA_AVX2|x64 = SE_NOCUDA_AVX2|x64
		SE_NOCUDA_AVX2|x86 = SE_NOCUDA_AVX2|x86
		SE_NOCUDA_AVX512|x64 = SE_NOCUDA_AVX512|x64
		SE_NOCUDA_AVX512|x86 = SE_NOCUDA_AVX512|x86
		SE_NOCUDA_NoAVX|x64 = SE_NOCUDA_NoAVX|x64
		SE_NOCUDA_NoAVX|x86 = SE_NOCUDA_NoAVX|x86
	EndGlobalSection
	GlobalSection(ProjectConfigurationPlatforms) = postSolution
		{5FD1C08D-DB80-480C-A1C6-F0920005CD13}.AE_CUDA_AVX|x64.ActiveCfg = Release|x64
		{5FD1C08D-DB80-480C-A1C6-F0920005CD13}.AE_CUDA_AVX|x64.Build.0 = Release|x64
		{5FD1C08D-DB80-480C-A1C6-F0920005CD13}.AE_CUDA_AVX|x86.ActiveCfg = Release_AVX|x64
		{5FD1C08D-DB80-480C-A1C6-F0920005CD13}.AE_CUDA_AVX2|x64.ActiveCfg = Release|x64
		{5FD1C08D-DB80-480C-A1C6-F0920005CD13}.AE_CUDA_AVX2|x64.Build.0 = Release|x64
		{5FD1C08D-DB80-480C-A1C6-F0920005CD13}.AE_CUDA_AVX2|x86.ActiveCfg = Release_AVX|x64
		{5FD1C08D-DB80-480C-A1C6-F0920005CD13}.AE_CUDA_AVX512|x64.ActiveCfg = Release|x64
		{5FD1C08D-DB80-480C-A1C6-F0920005CD13}.AE_CUDA_AVX512|x64.Build.0 = Release|x64
		{5FD1C08D-DB80-480C-A1C6-F0920005CD13}.AE_CUDA_AVX512|x86.ActiveCfg = Release_AVX|x64
		{5FD1C08D-DB80-480C-A1C6-F0920005CD13}.AE_CUDA_NoAVX|x64.ActiveCfg = Release|x64
		{5FD1C08D-DB80-480C-A1C6-F0920005CD13}.AE_CUDA_NoAVX|x64.Build.0 = Release|x64
		{5FD1C08D-DB80-480C-A1C6-F0920005CD13}.AE_CUDA_NoAVX|x86.ActiveCfg = Release_AVX|x64
		{5FD1C08D-DB80-480C-A1C6-F0920005CD13}.AE_NOCUDA_AVX|x64.ActiveCfg = Release|x64
		{5FD1C08D-DB80-480C-A1C6-F0920005CD13}.AE_NOCUDA_AVX|x64.Build.0 = Release|x64
		{5FD1C08D-DB80-480C-A1C6-F0920005CD13}.AE_NOCUDA_AVX|x86.ActiveCfg = Debug_VC142|x64
		{5FD1C08D-DB80-480C-A1C6-F0920005CD13}.AE_NOCUDA_AVX2|x64.ActiveCfg = Release|x64
		{5FD1C08D-DB80-480C-A1C6-F0920005CD13}.AE_NOCUDA_AVX2|x64.Build.0 = Release|x64
		{5FD1C08D-DB80-480C-A1C6-F0920005CD13}.AE_NOCUDA_AVX2|x86.ActiveCfg = Debug_VC142|x64
		{5FD1C08D-DB80-480C-A1C6-F0920005CD13}.AE_NOCUDA_AVX512|x64.ActiveCfg = Release|x64
		{5FD1C08D-DB80-480C-A1C6-F0920005CD13}.AE_NOCUDA_AVX512|x64.Build.0 = Release|x64
		{5FD1C08D-DB80-480C-A1C6-F0920005CD13}.AE_NOCUDA_AVX512|x86.ActiveCfg = Debug_VC142|x64
		{5FD1C08D-DB80-480C-A1C6-F0920005CD13}.AE_NOCUDA_NoAVX|x64.ActiveCfg = Release|x64
		{5FD1C08D-DB80-480C-A1C6-F0920005CD13}.AE_NOCUDA_NoAVX|x64.Build.0 = Release|x64
		{5FD1C08D-DB80-480C-A1C6-F0920005CD13}.AE_NOCUDA_NoAVX|x86.ActiveCfg = Debug_VC142|x64
		{5FD1C08D-DB80-480C-A1C6-F0920005CD13}.SE_CUDA_AVX|x64.ActiveCfg = Release|x64
		{5FD1C08D-DB80-480C-A1C6-F0920005CD13}.SE_CUDA_AVX|x64.Build.0 = Release|x64
		{5FD1C08D-DB80-480C-A1C6-F0920005CD13}.SE_CUDA_AVX|x86.ActiveCfg = Release_AVX|x64
		{5FD1C08D-DB80-480C-A1C6-F0920005CD13}.SE_CUDA_AVX2|x64.ActiveCfg = Release|x64
		{5FD1C08D-DB80-480C-A1C6-F0920005CD13}.SE_CUDA_AVX2|x64.Build.0 = Release|x64
		{5FD1C08D-DB80-480C-A1C6-F0920005CD13}.SE_CUDA_AVX2|x86.ActiveCfg = Release_AVX|x64
		{5FD1C08D-DB80-480C-A1C6-F0920005CD13}.SE_CUDA_AVX512|x64.ActiveCfg = Release|x64
		{5FD1C08D-DB80-480C-A1C6-F0920005CD13}.SE_CUDA_AVX512|x64.Build.0 = Release|x64
		{5FD1C08D-DB80-480C-A1C6-F0920005CD13}.SE_CUDA_AVX512|x86.ActiveCfg = Release_AVX|x64
		{5FD1C08D-DB80-480C-A1C6-F0920005CD13}.SE_CUDA_NoAVX|x64.ActiveCfg = Release|x64
		{5FD1C08D-DB80-480C-A1C6-F0920005CD13}.SE_CUDA_NoAVX|x64.Build.0 = Release|x64
		{5FD1C08D-DB80-480C-A1C6-F0920005CD13}.SE_CUDA_NoAVX|x86.ActiveCfg = Release_AVX|x64
		{5FD1C08D-DB80-480C-A1C6-F0920005CD13}.SE_NOCUDA_AVX|x64.ActiveCfg = Release|x64
		{5FD1C08D-DB80-480C-A1C6-F0920005CD13}.SE_NOCUDA_AVX|x64.Build.0 = Release|x64
		{5FD1C08D-DB80-480C-A1C6-F0920005CD13}.SE_NOCUDA_AVX|x86.ActiveCfg = Debug_VC142|x64
		{5FD1C08D-DB80-480C-A1C6-F0920005CD13}.SE_NOCUDA_AVX2|x64.ActiveCfg = Release|x64
		{5FD1C08D-DB80-480C-A1C6-F0920005CD13}.SE_NOCUDA_AVX2|x64.Build.0 = Release|x64
		{5FD1C08D-DB80-480C-A1C6-F0920005CD13}.SE_NOCUDA_AVX2|x86.ActiveCfg = Release_AVX2|x64
		{5FD1C08D-DB80-480C-A1C6-F0920005CD13}.SE_NOCUDA_AVX512|x64.ActiveCfg = Release|x64
		{5FD1C08D-DB80-480C-A1C6-F0920005CD13}.SE_NOCUDA_AVX512|x64.Build.0 = Release|x64
		{5FD1C08D-DB80-480C-A1C6-F0920005CD13}.SE_NOCUDA_AVX512|x86.ActiveCfg = Release_AVX512|x64
		{5FD1C08D-DB80-480C-A1C6-F0920005CD13}.SE_NOCUDA_NoAVX|x64.ActiveCfg = Release|x64
		{5FD1C08D-DB80-480C-A1C6-F0920005CD13}.SE_NOCUDA_NoAVX|x64.Build.0 = Release|x64
		{5FD1C08D-DB80-480C-A1C6-F0920005CD13}.SE_NOCUDA_NoAVX|x86.ActiveCfg = Release|x64
		{472E19AB-DEF0-42DF-819B-18722E8DC822}.AE_CUDA_AVX|x64.ActiveCfg = Release|x64
		{472E19AB-DEF0-42DF-819B-18722E8DC822}.AE_CUDA_AVX|x64.Build.0 = Release|x64
		{472E19AB-DEF0-42DF-819B-18722E8DC822}.AE_CUDA_AVX|x86.ActiveCfg = Release_AVX|x64
		{472E19AB-DEF0-42DF-819B-18722E8DC822}.AE_CUDA_AVX2|x64.ActiveCfg = Release|x64
		{472E19AB-DEF0-42DF-819B-18722E8DC822}.AE_CUDA_AVX2|x64.Build.0 = Release|x64
		{472E19AB-DEF0-42DF-819B-18722E8DC822}.AE_CUDA_AVX2|x86.ActiveCfg = Release_AVX|x64
		{472E19AB-DEF0-42DF-819B-18722E8DC822}.AE_CUDA_AVX512|x64.ActiveCfg = Release|x64
		{472E19AB-DEF0-42DF-819B-18722E8DC822}.AE_CUDA_AVX512|x64.Build.0 = Release|x64
		{472E19AB-DEF0-42DF-819B-18722E8DC822}.AE_CUDA_AVX512|x86.ActiveCfg = Release_AVX|x64
		{472E19AB-DEF0-42DF-819B-18722E8DC822}.AE_CUDA_NoAVX|x64.ActiveCfg = Release|x64
		{472E19AB-DEF0-42DF-819B-18722E8DC822}.AE_CUDA_NoAVX|x64.Build.0 = Release|x64
		{472E19AB-DEF0-42DF-819B-18722E8DC822}.AE_CUDA_NoAVX|x86.ActiveCfg = Release_AVX|x64
		{472E19AB-DEF0-42DF-819B-18722E8DC822}.AE_NOCUDA_AVX|x64.ActiveCfg = Release|x64
		{472E19AB-DEF0-42DF-819B-18722E8DC822}.AE_NOCUDA_AVX|x64.Build.0 = Release|x64
		{472E19AB-DEF0-42DF-819B-18722E8DC822}.AE_NOCUDA_AVX|x86.ActiveCfg = Debug_VC142|x64
		{472E19AB-DEF0-42DF-819B-18722E8DC822}.AE_NOCUDA_AVX2|x64.ActiveCfg = Release|x64
		{472E19AB-DEF0-42DF-819B-18722E8DC822}.AE_NOCUDA_AVX2|x64.Build.0 = Release|x64
		{472E19AB-DEF0-42DF-819B-18722E8DC822}.AE_NOCUDA_AVX2|x86.ActiveCfg = Debug_VC142|x64
		{472E19AB-DEF0-42DF-819B-18722E8DC822}.AE_NOCUDA_AVX512|x64.ActiveCfg = Release|x64
		{472E19AB-DEF0-42DF-819B-18722E8DC822}.AE_NOCUDA_AVX512|x64.Build.0 = Release|x64
		{472E19AB-DEF0-42DF-819B-18722E8DC822}.AE_NOCUDA_AVX512|x86.ActiveCfg = Debug_VC142|x64
		{472E19AB-DEF0-42DF-819B-18722E8DC822}.AE_NOCUDA_NoAVX|x64.ActiveCfg = Release|x64
		{472E19AB-DEF0-42DF-819B-18722E8DC822}.AE_NOCUDA_NoAVX|x64.Build.0 = Release|x64
		{472E19AB-DEF0-42DF-819B-18722E8DC822}.AE_NOCUDA_NoAVX|x86.ActiveCfg = Debug_VC142|x64
		{472E19AB-DEF0-42DF-819B-18722E8DC822}.SE_CUDA_AVX|x64.ActiveCfg = Release|x64
		{472E19AB-DEF0-42DF-819B-18722E8DC822}.SE_CUDA_AVX|x64.Build.0 = Release|x64
		{472E19AB-DEF0-42DF-819B-18722E8DC822}.SE_CUDA_AVX|x86.ActiveCfg = Release_AVX|x64
		{472E19AB-DEF0-42DF-819B-18722E8DC822}.SE_CUDA_AVX2|x64.ActiveCfg = Release|x64
		{472E19AB-DEF0-42DF-819B-18722E8DC822}.SE_CUDA_AVX2|x64.Build.0 = Release|x64
		{472E19AB-DEF0-42DF-819B-18722E8DC822}.SE_CUDA_AVX2|x86.ActiveCfg = Release_AVX|x64
		{472E19AB-DEF0-42DF-819B-18722E8DC822}.SE_CUDA_AVX512|x64.ActiveCfg = Release|x64
		{472E19AB-DEF0-42DF-819B-18722E8DC822}.SE_CUDA_AVX512|x64.Build.0 = Release|x64
		{472E19AB-DEF0-42DF-819B-18722E8DC822}.SE_CUDA_AVX512|x86.ActiveCfg = Release_AVX|x64
		{472E19AB-DEF0-42DF-819B-18722E8DC822}.SE_CUDA_NoAVX|x64.ActiveCfg = Release|x64
		{472E19AB-DEF0-42DF-819B-18722E8DC822}.SE_CUDA_NoAVX|x64.Build.0 = Release|x64
		{472E19AB-DEF0-42DF-819B-18722E8DC822}.SE_CUDA_NoAVX|x86.ActiveCfg = Release_AVX|x64
		{472E19AB-DEF0-42DF-819B-18722E8DC822}.SE_NOCUDA_AVX|x64.ActiveCfg = Release|x64
		{472E19AB-DEF0-42DF-819B-18722E8DC822}.SE_NOCUDA_AVX|x64.Build.0 = Release|x64
		{472E19AB-DEF0-42DF-819B-18722E8DC822}.SE_NOCUDA_AVX|x86.ActiveCfg = Debug_VC142|x64
		{472E19AB-DEF0-42DF-819B-18722E8DC822}.SE_NOCUDA_AVX2|x64.ActiveCfg = Release|x64
		{472E19AB-DEF0-42DF-819B-18722E8DC822}.SE_NOCUDA_AVX2|x64.Build.0 = Release|x64
		{472E19AB-DEF0-42DF-819B-18722E8DC822}.SE_NOCUDA_AVX2|x86.ActiveCfg = Release_AVX2|x64
		{472E19AB-DEF0-42DF-819B-18722E8DC822}.SE_NOCUDA_AVX512|x64.ActiveCfg = Release|x64
		{472E19AB-DEF0-42DF-819B-18722E8DC822}.SE_NOCUDA_AVX512|x64.Build.0 = Release|x64
		{472E19AB-DEF0-42DF-819B-18722E8DC822}.SE_NOCUDA_AVX512|x86.ActiveCfg = Release_AVX512|x64
		{472E19AB-DEF0-42DF-819B-18722E8DC822}.SE_NOCUDA_NoAVX|x64.ActiveCfg = Release|x64
		{472E19AB-DEF0-42DF-819B-18722E8DC822}.SE_NOCUDA_NoAVX|x64.Build.0 = Release|x64
		{472E19AB-DEF0-42DF-819B-18722E8DC822}.SE_NOCUDA_NoAVX|x86.ActiveCfg = Release|x64
		{7028B79C-06E3-4D9A-B38C-1DC3680B1BDB}.AE_CUDA_AVX|x64.ActiveCfg = Release|x64
		{7028B79C-06E3-4D9A-B38C-1DC3680B1BDB}.AE_CUDA_AVX|x64.Build.0 = Release|x64
		{7028B79C-06E3-4D9A-B38C-1DC3680B1BDB}.AE_CUDA_AVX|x86.ActiveCfg = Release_AVX|x64
		{7028B79C-06E3-4D9A-B38C-1DC3680B1BDB}.AE_CUDA_AVX2|x64.ActiveCfg = Release|x64
		{7028B79C-06E3-4D9A-B38C-1DC3680B1BDB}.AE_CUDA_AVX2|x64.Build.0 = Release|x64
		{7028B79C-06E3-4D9A-B38C-1DC3680B1BDB}.AE_CUDA_AVX2|x86.ActiveCfg = Release_AVX|x64
		{7028B79C-06E3-4D9A-B38C-1DC3680B1BDB}.AE_CUDA_AVX512|x64.ActiveCfg = Release|x64
		{7028B79C-06E3-4D9A-B38C-1DC3680B1BDB}.AE_CUDA_AVX512|x64.Build.0 = Release|x64
		{7028B79C-06E3-4D9A-B38C-1DC3680B1BDB}.AE_CUDA_AVX512|x86.ActiveCfg = Release_AVX|x64
		{7028B79C-06E3-4D9A-B38C-1DC3680B1BDB}.AE_CUDA_NoAVX|x64.ActiveCfg = Release|x64
		{7028B79C-06E3-4D9A-B38C-1DC3680B1BDB}.AE_CUDA_NoAVX|x64.Build.0 = Release|x64
		{7028B79C-06E3-4D9A-B38C-1DC3680B1BDB}.AE_CUDA_NoAVX|x86.ActiveCfg = Release_AVX|x64
		{7028B79C-06E3-4D9A-B38C-1DC3680B1BDB}.AE_NOCUDA_AVX|x64.ActiveCfg = Release|x64
		{7028B79C-06E3-4D9A-B38C-1DC3680B1BDB}.AE_NOCUDA_AVX|x64.Build.0 = Release|x64
		{7028B79C-06E3-4D9A-B38C-1DC3680B1BDB}.AE_NOCUDA_AVX|x86.ActiveCfg = Debug_Lib_VC142|x64
		{7028B79C-06E3-4D9A-B38C-1DC3680B1BDB}.AE_NOCUDA_AVX2|x64.ActiveCfg = Release|x64
		{7028B79C-06E3-4D9A-B38C-1DC3680B1BDB}.AE_NOCUDA_AVX2|x64.Build.0 = Release|x64
		{7028B79C-06E3-4D9A-B38C-1DC3680B1BDB}.AE_NOCUDA_AVX2|x86.ActiveCfg = Debug_Lib_VC142|x64
		{7028B79C-06E3-4D9A-B38C-1DC3680B1BDB}.AE_NOCUDA_AVX512|x64.ActiveCfg = Release|x64
		{7028B79C-06E3-4D9A-B38C-1DC3680B1BDB}.AE_NOCUDA_AVX512|x64.Build.0 = Release|x64
		{7028B79C-06E3-4D9A-B38C-1DC3680B1BDB}.AE_NOCUDA_AVX512|x86.ActiveCfg = Debug_Lib_VC142|x64
		{7028B79C-06E3-4D9A-B38C-1DC3680B1BDB}.AE_NOCUDA_NoAVX|x64.ActiveCfg = Release|x64
		{7028B79C-06E3-4D9A-B38C-1DC3680B1BDB}.AE_NOCUDA_NoAVX|x64.Build.0 = Release|x64
		{7028B79C-06E3-4D9A-B38C-1DC3680B1BDB}.AE_NOCUDA_NoAVX|x86.ActiveCfg = Debug_Lib_VC142|x64
		{7028B79C-06E3-4D9A-B38C-1DC3680B1BDB}.SE_CUDA_AVX|x64.ActiveCfg = Release|x64
		{7028B79C-06E3-4D9A-B38C-1DC3680B1BDB}.SE_CUDA_AVX|x64.Build.0 = Release|x64
		{7028B79C-06E3-4D9A-B38C-1DC3680B1BDB}.SE_CUDA_AVX|x86.ActiveCfg = Release_AVX|x64
		{7028B79C-06E3-4D9A-B38C-1DC3680B1BDB}.SE_CUDA_AVX2|x64.ActiveCfg = Release|x64
		{7028B79C-06E3-4D9A-B38C-1DC3680B1BDB}.SE_CUDA_AVX2|x64.Build.0 = Release|x64
		{7028B79C-06E3-4D9A-B38C-1DC3680B1BDB}.SE_CUDA_AVX2|x86.ActiveCfg = Release_AVX|x64
		{7028B79C-06E3-4D9A-B38C-1DC3680B1BDB}.SE_CUDA_AVX512|x64.ActiveCfg = Release|x64
		{7028B79C-06E3-4D9A-B38C-1DC3680B1BDB}.SE_CUDA_AVX512|x64.Build.0 = Release|x64
		{7028B79C-06E3-4D9A-B38C-1DC3680B1BDB}.SE_CUDA_AVX512|x86.ActiveCfg = Release_AVX|x64
		{7028B79C-06E3-4D9A-B38C-1DC3680B1BDB}.SE_CUDA_NoAVX|x64.ActiveCfg = Release|x64
		{7028B79C-06E3-4D9A-B38C-1DC3680B1BDB}.SE_CUDA_NoAVX|x64.Build.0 = Release|x64
		{7028B79C-06E3-4D9A-B38C-1DC3680B1BDB}.SE_CUDA_NoAVX|x86.ActiveCfg = Release_AVX|x64
		{7028B79C-06E3-4D9A-B38C-1DC3680B1BDB}.SE_NOCUDA_AVX|x64.ActiveCfg = Release|x64
		{7028B79C-06E3-4D9A-B38C-1DC3680B1BDB}.SE_NOCUDA_AVX|x64.Build.0 = Release|x64
		{7028B79C-06E3-4D9A-B38C-1DC3680B1BDB}.SE_NOCUDA_AVX|x86.ActiveCfg = Debug_Lib_VC142|x64
		{7028B79C-06E3-4D9A-B38C-1DC3680B1BDB}.SE_NOCUDA_AVX2|x64.ActiveCfg = Release|x64
		{7028B79C-06E3-4D9A-B38C-1DC3680B1BDB}.SE_NOCUDA_AVX2|x64.Build.0 = Release|x64
		{7028B79C-06E3-4D9A-B38C-1DC3680B1BDB}.SE_NOCUDA_AVX2|x86.ActiveCfg = Release_AVX2|x64
		{7028B79C-06E3-4D9A-B38C-1DC3680B1BDB}.SE_NOCUDA_AVX512|x64.ActiveCfg = Release|x64
		{7028B79C-06E3-4D9A-B38C-1DC3680B1BDB}.SE_NOCUDA_AVX512|x64.Build.0 = Release|x64
		{7028B79C-06E3-4D9A-B38C-1DC3680B1BDB}.SE_NOCUDA_AVX512|x86.ActiveCfg = Release_AVX512|x64
		{7028B79C-06E3-4D9A-B38C-1DC3680B1BDB}.SE_NOCUDA_NoAVX|x64.ActiveCfg = Release|x64
		{7028B79C-06E3-4D9A-B38C-1DC3680B1BDB}.SE_NOCUDA_NoAVX|x64.Build.0 = Release|x64
		{7028B79C-06E3-4D9A-B38C-1DC3680B1BDB}.SE_NOCUDA_NoAVX|x86.ActiveCfg = Release|x64
		{B9F47E7B-068A-419A-9AA8-F72CCE662C2B}.AE_CUDA_AVX|x64.ActiveCfg = AE_CUDA_AVX|x64
		{B9F47E7B-068A-419A-9AA8-F72CCE662C2B}.AE_CUDA_AVX|x64.Build.0 = AE_CUDA_AVX|x64
		{B9F47E7B-068A-419A-9AA8-F72CCE662C2B}.AE_CUDA_AVX|x86.ActiveCfg = SE_NOCUDA_AVX|x64
		{B9F47E7B-068A-419A-9AA8-F72CCE662C2B}.AE_CUDA_AVX2|x64.ActiveCfg = AE_CUDA_AVX2|x64
		{B9F47E7B-068A-419A-9AA8-F72CCE662C2B}.AE_CUDA_AVX2|x64.Build.0 = AE_CUDA_AVX2|x64
		{B9F47E7B-068A-419A-9AA8-F72CCE662C2B}.AE_CUDA_AVX2|x86.ActiveCfg = SE_NOCUDA_AVX|x64
		{B9F47E7B-068A-419A-9AA8-F72CCE662C2B}.AE_CUDA_AVX512|x64.ActiveCfg = AE_CUDA_AVX512|x64
		{B9F47E7B-068A-419A-9AA8-F72CCE662C2B}.AE_CUDA_AVX512|x64.Build.0 = AE_CUDA_AVX512|x64
		{B9F47E7B-068A-419A-9AA8-F72CCE662C2B}.AE_CUDA_AVX512|x86.ActiveCfg = SE_NOCUDA_AVX|x64
		{B9F47E7B-068A-419A-9AA8-F72CCE662C2B}.AE_CUDA_NoAVX|x64.ActiveCfg = AE_CUDA_NoAVX|x64
		{B9F47E7B-068A-419A-9AA8-F72CCE662C2B}.AE_CUDA_NoAVX|x64.Build.0 = AE_CUDA_NoAVX|x64
		{B9F47E7B-068A-419A-9AA8-F72CCE662C2B}.AE_CUDA_NoAVX|x86.ActiveCfg = SE_NOCUDA_AVX|x64
		{B9F47E7B-068A-419A-9AA8-F72CCE662C2B}.AE_NOCUDA_AVX|x64.ActiveCfg = AE_NOCUDA_AVX|x64
		{B9F47E7B-068A-419A-9AA8-F72CCE662C2B}.AE_NOCUDA_AVX|x64.Build.0 = AE_NOCUDA_AVX|x64
		{B9F47E7B-068A-419A-9AA8-F72CCE662C2B}.AE_NOCUDA_AVX|x86.ActiveCfg = AE_NOCUDA_AVX|x64
		{B9F47E7B-068A-419A-9AA8-F72CCE662C2B}.AE_NOCUDA_AVX2|x64.ActiveCfg = AE_NOCUDA_AVX2|x64
		{B9F47E7B-068A-419A-9AA8-F72CCE662C2B}.AE_NOCUDA_AVX2|x64.Build.0 = AE_NOCUDA_AVX2|x64
		{B9F47E7B-068A-419A-9AA8-F72CCE662C2B}.AE_NOCUDA_AVX2|x86.ActiveCfg = AE_NOCUDA_AVX2|x64
		{B9F47E7B-068A-419A-9AA8-F72CCE662C2B}.AE_NOCUDA_AVX512|x64.ActiveCfg = AE_NOCUDA_AVX512|x64
		{B9F47E7B-068A-419A-9AA8-F72CCE662C2B}.AE_NOCUDA_AVX512|x64.Build.0 = AE_NOCUDA_AVX512|x64
		{B9F47E7B-068A-419A-9AA8-F72CCE662C2B}.AE_NOCUDA_AVX512|x86.ActiveCfg = AE_NOCUDA_AVX512|x64
		{B9F47E7B-068A-419A-9AA8-F72CCE662C2B}.AE_NOCUDA_NoAVX|x64.ActiveCfg = AE_NOCUDA_NoAVX|x64
		{B9F47E7B-068A-419A-9AA8-F72CCE662C2B}.AE_NOCUDA_NoAVX|x64.Build.0 = AE_NOCUDA_NoAVX|x64
		{B9F47E7B-068A-419A-9AA8-F72CCE662C2B}.AE_NOCUDA_NoAVX|x86.ActiveCfg = AE_NOCUDA_NoAVX|x64
		{B9F47E7B-068A-419A-9AA8-F72CCE662C2B}.SE_CUDA_AVX|x64.ActiveCfg = SE_CUDA_AVX|x64
		{B9F47E7B-068A-419A-9AA8-F72CCE662C2B}.SE_CUDA_AVX|x64.Build.0 = SE_CUDA_AVX|x64
		{B9F47E7B-068A-419A-9AA8-F72CCE662C2B}.SE_CUDA_AVX|x86.ActiveCfg = SE_NOCUDA_AVX|x64
		{B9F47E7B-068A-419A-9AA8-F72CCE662C2B}.SE_CUDA_AVX2|x64.ActiveCfg = SE_CUDA_AVX2|x64
		{B9F47E7B-068A-419A-9AA8-F72CCE662C2B}.SE_CUDA_AVX2|x64.Build.0 = SE_CUDA_AVX2|x64
		{B9F47E7B-068A-419A-9AA8-F72CCE662C2B}.SE_CUDA_AVX2|x86.ActiveCfg = SE_NOCUDA_AVX|x64
		{B9F47E7B-068A-419A-9AA8-F72CCE662C2B}.SE_CUDA_AVX512|x64.ActiveCfg = SE_CUDA_AVX512|x64
		{B9F47E7B-068A-419A-9AA8-F72CCE662C2B}.SE_CUDA_AVX512|x64.Build.0 = SE_CUDA_AVX512|x64
		{B9F47E7B-068A-419A-9AA8-F72CCE662C2B}.SE_CUDA_AVX512|x86.ActiveCfg = SE_NOCUDA_AVX|x64
		{B9F47E7B-068A-419A-9AA8-F72CCE662C2B}.SE_CUDA_NoAVX|x64.ActiveCfg = SE_CUDA_NoAVX|x64
		{B9F47E7B-068A-419A-9AA8-F72CCE662C2B}.SE_CUDA_NoAVX|x64.Build.0 = SE_CUDA_NoAVX|x64
		{B9F47E7B-068A-419A-9AA8-F72CCE662C2B}.SE_CUDA_NoAVX|x86.ActiveCfg = SE_NOCUDA_AVX|x64
		{B9F47E7B-068A-419A-9AA8-F72CCE662C2B}.SE_NOCUDA_AVX|x64.ActiveCfg = SE_NOCUDA_AVX|x64
		{B9F47E7B-068A-419A-9AA8-F72CCE662C2B}.SE_NOCUDA_AVX|x64.Build.0 = SE_NOCUDA_AVX|x64
		{B9F47E7B-068A-419A-9AA8-F72CCE662C2B}.SE_NOCUDA_AVX|x86.ActiveCfg = AE_NOCUDA_AVX|x64
		{B9F47E7B-068A-419A-9AA8-F72CCE662C2B}.SE_NOCUDA_AVX2|x64.ActiveCfg = SE_NOCUDA_AVX2|x64
		{B9F47E7B-068A-419A-9AA8-F72CCE662C2B}.SE_NOCUDA_AVX2|x64.Build.0 = SE_NOCUDA_AVX2|x64
		{B9F47E7B-068A-419A-9AA8-F72CCE662C2B}.SE_NOCUDA_AVX2|x86.ActiveCfg = SE_NOCUDA_AVX2|x64
		{B9F47E7B-068A-419A-9AA8-F72CCE662C2B}.SE_NOCUDA_AVX512|x64.ActiveCfg = SE_NOCUDA_AVX512|x64
		{B9F47E7B-068A-419A-9AA8-F72CCE662C2B}.SE_NOCUDA_AVX512|x64.Build.0 = SE_NOCUDA_AVX512|x64
		{B9F47E7B-068A-419A-9AA8-F72CCE662C2B}.SE_NOCUDA_AVX512|x86.ActiveCfg = SE_NOCUDA_AVX512|x64
		{B9F47E7B-068A-419A-9AA8-F72CCE662C2B}.SE_NOCUDA_NoAVX|x64.ActiveCfg = SE_NOCUDA_NoAVX|x64
		{B9F47E7B-068A-419A-9AA8-F72CCE662C2B}.SE_NOCUDA_NoAVX|x64.Build.0 = SE_NOCUDA_NoAVX|x64
		{B9F47E7B-068A-419A-9AA8-F72CCE662C2B}.SE_NOCUDA_NoAVX|x86.ActiveCfg = SE_NOCUDA_NoAVX|x64
		{EBB1A6FA-5E3C-49B5-A5B6-A6495B9CD5B0}.AE_CUDA_AVX|x64.ActiveCfg = AE_AVX|x64
		{EBB1A6FA-5E3C-49B5-A5B6-A6495B9CD5B0}.AE_CUDA_AVX|x64.Build.0 = AE_AVX|x64
		{EBB1A6FA-5E3C-49B5-A5B6-A6495B9CD5B0}.AE_CUDA_AVX|x86.ActiveCfg = SE_AVX|x64
		{EBB1A6FA-5E3C-49B5-A5B6-A6495B9CD5B0}.AE_CUDA_AVX2|x64.ActiveCfg = AE_AVX2|x64
		{EBB1A6FA-5E3C-49B5-A5B6-A6495B9CD5B0}.AE_CUDA_AVX2|x64.Build.0 = AE_AVX2|x64
		{EBB1A6FA-5E3C-49B5-A5B6-A6495B9CD5B0}.AE_CUDA_AVX2|x86.ActiveCfg = SE_AVX|x64
		{EBB1A6FA-5E3C-49B5-A5B6-A6495B9CD5B0}.AE_CUDA_AVX512|x64.ActiveCfg = AE_AVX512|x64
		{EBB1A6FA-5E3C-49B5-A5B6-A6495B9CD5B0}.AE_CUDA_AVX512|x64.Build.0 = AE_AVX512|x64
		{EBB1A6FA-5E3C-49B5-A5B6-A6495B9CD5B0}.AE_CUDA_AVX512|x86.ActiveCfg = SE_AVX|x64
		{EBB1A6FA-5E3C-49B5-A5B6-A6495B9CD5B0}.AE_CUDA_NoAVX|x64.ActiveCfg = AE_NoAVX|x64
		{EBB1A6FA-5E3C-49B5-A5B6-A6495B9CD5B0}.AE_CUDA_NoAVX|x64.Build.0 = AE_NoAVX|x64
		{EBB1A6FA-5E3C-49B5-A5B6-A6495B9CD5B0}.AE_CUDA_NoAVX|x86.ActiveCfg = SE_AVX|x64
		{EBB1A6FA-5E3C-49B5-A5B6-A6495B9CD5B0}.AE_NOCUDA_AVX|x64.ActiveCfg = AE_AVX|x64
		{EBB1A6FA-5E3C-49B5-A5B6-A6495B9CD5B0}.AE_NOCUDA_AVX|x64.Build.0 = AE_AVX|x64
		{EBB1A6FA-5E3C-49B5-A5B6-A6495B9CD5B0}.AE_NOCUDA_AVX|x86.ActiveCfg = AE_AVX|x64
		{EBB1A6FA-5E3C-49B5-A5B6-A6495B9CD5B0}.AE_NOCUDA_AVX2|x64.ActiveCfg = AE_AVX2|x64
		{EBB1A6FA-5E3C-49B5-A5B6-A6495B9CD5B0}.AE_NOCUDA_AVX2|x64.Build.0 = AE_AVX2|x64
		{EBB1A6FA-5E3C-49B5-A5B6-A6495B9CD5B0}.AE_NOCUDA_AVX2|x86.ActiveCfg = AE_AVX2|x64
		{EBB1A6FA-5E3C-49B5-A5B6-A6495B9CD5B0}.AE_NOCUDA_AVX512|x64.ActiveCfg = AE_AVX512|x64
		{EBB1A6FA-5E3C-49B5-A5B6-A6495B9CD5B0}.AE_NOCUDA_AVX512|x64.Build.0 = AE_AVX512|x64
		{EBB1A6FA-5E3C-49B5-A5B6-A6495B9CD5B0}.AE_NOCUDA_AVX512|x86.ActiveCfg = AE_AVX512|x64
		{EBB1A6FA-5E3C-49B5-A5B6-A6495B9CD5B0}.AE_NOCUDA_NoAVX|x64.ActiveCfg = AE_NoAVX|x64
		{EBB1A6FA-5E3C-49B5-A5B6-A6495B9CD5B0}.AE_NOCUDA_NoAVX|x64.Build.0 = AE_NoAVX|x64
		{EBB1A6FA-5E3C-49B5-A5B6-A6495B9CD5B0}.AE_NOCUDA_NoAVX|x86.ActiveCfg = AE_NoAVX|x64
		{EBB1A6FA-5E3C-49B5-A5B6-A6495B9CD5B0}.SE_CUDA_AVX|x64.ActiveCfg = SE_AVX|x64
		{EBB1A6FA-5E3C-49B5-A5B6-A6495B9CD5B0}.SE_CUDA_AVX|x64.Build.0 = SE_AVX|x64
		{EBB1A6FA-5E3C-49B5-A5B6-A6495B9CD5B0}.SE_CUDA_AVX|x86.ActiveCfg = SE_AVX|x64
		{EBB1A6FA-5E3C-49B5-A5B6-A6495B9CD5B0}.SE_CUDA_AVX2|x64.ActiveCfg = SE_AVX2|x64
		{EBB1A6FA-5E3C-49B5-A5B6-A6495B9CD5B0}.SE_CUDA_AVX2|x64.Build.0 = SE_AVX2|x64
		{EBB1A6FA-5E3C-49B5-A5B6-A6495B9CD5B0}.SE_CUDA_AVX2|x86.ActiveCfg = SE_AVX|x64
		{EBB1A6FA-5E3C-49B5-A5B6-A6495B9CD5B0}.SE_CUDA_AVX512|x64.ActiveCfg = SE_AVX512|x64
		{EBB1A6FA-5E3C-49B5-A5B6-A6495B9CD5B0}.SE_CUDA_AVX512|x64.Build.0 = SE_AVX512|x64
		{EBB1A6FA-5E3C-49B5-A5B6-A6495B9CD5B0}.SE_CUDA_AVX512|x86.ActiveCfg = SE_AVX|x64
		{EBB1A6FA-5E3C-49B5-A5B6-A6495B9CD5B0}.SE_CUDA_NoAVX|x64.ActiveCfg = SE_NoAVX|x64
		{EBB1A6FA-5E3C-49B5-A5B6-A6495B9CD5B0}.SE_CUDA_NoAVX|x64.Build.0 = SE_NoAVX|x64
		{EBB1A6FA-5E3C-49B5-A5B6-A6495B9CD5B0}.SE_CUDA_NoAVX|x86.ActiveCfg = SE_AVX|x64
		{EBB1A6FA-5E3C-49B5-A5B6-A6495B9CD5B0}.SE_NOCUDA_AVX|x64.ActiveCfg = SE_AVX|x64
		{EBB1A6FA-5E3C-49B5-A5B6-A6495B9CD5B0}.SE_NOCUDA_AVX|x64.Build.0 = SE_AVX|x64
		{EBB1A6FA-5E3C-49B5-A5B6-A6495B9CD5B0}.SE_NOCUDA_AVX|x86.ActiveCfg = AE_AVX|x64
		{EBB1A6FA-5E3C-49B5-A5B6-A6495B9CD5B0}.SE_NOCUDA_AVX2|x64.ActiveCfg = SE_AVX2|x64
		{EBB1A6FA-5E3C-49B5-A5B6-A6495B9CD5B0}.SE_NOCUDA_AVX2|x64.Build.0 = SE_AVX2|x64
		{EBB1A6FA-5E3C-49B5-A5B6-A6495B9CD5B0}.SE_NOCUDA_AVX2|x86.ActiveCfg = SE_AVX2|x64
		{EBB1A6FA-5E3C-49B5-A5B6-A6495B9CD5B0}.SE_NOCUDA_AVX512|x64.ActiveCfg = SE_AVX512|x64
		{EBB1A6FA-5E3C-49B5-A5B6-A6495B9CD5B0}.SE_NOCUDA_AVX512|x64.Build.0 = SE_AVX512|x64
		{EBB1A6FA-5E3C-49B5-A5B6-A6495B9CD5B0}.SE_NOCUDA_AVX512|x86.ActiveCfg = SE_AVX512|x64
		{EBB1A6FA-5E3C-49B5-A5B6-A6495B9CD5B0}.SE_NOCUDA_NoAVX|x64.ActiveCfg = SE_NoAVX|x64
		{EBB1A6FA-5E3C-49B5-A5B6-A6495B9CD5B0}.SE_NOCUDA_NoAVX|x64.Build.0 = SE_NoAVX|x64
		{EBB1A6FA-5E3C-49B5-A5B6-A6495B9CD5B0}.SE_NOCUDA_NoAVX|x86.ActiveCfg = SE_NoAVX|x64
	EndGlobalSection
	GlobalSection(SolutionProperties) = preSolution
		HideSolutionNode = FALSE
	EndGlobalSection
	GlobalSection(ExtensibilityGlobals) = postSolution
		SolutionGuid = {02908013-3362-4E79-A470-BFE9BCE2546E}
	EndGlobalSection
EndGlobal
